
Microsoft Visual Studio Solution File, Format Version 12.00
# Visual Studio 15
VisualStudioVersion = 15.0.27428.2037
MinimumVisualStudioVersion = 10.0.40219.1
Project("{FAE04EC0-301F-11D3-BF4B-00C04F79EFBC}") = "MariyanProject", "MariyanProject\MariyanProject.csproj", "{B4C199E2-BF74-4ABC-8955-568972CDEB11}"
EndProject
Global
	GlobalSection(SolutionConfigurationPlatforms) = preSolution
		Debug|Any CPU = Debug|Any CPU
		Release|Any CPU = Release|Any CPU
	EndGlobalSection
	GlobalSection(ProjectConfigurationPlatforms) = postSolution
		{B4C199E2-BF74-4ABC-8955-568972CDEB11}.Debug|Any CPU.ActiveCfg = Debug|Any CPU
		{B4C199E2-BF74-4ABC-8955-568972CDEB11}.Debug|Any CPU.Build.0 = Debug|Any CPU
		{B4C199E2-BF74-4ABC-8955-568972CDEB11}.Release|Any CPU.ActiveCfg = Release|Any CPU
		{B4C199E2-BF74-4ABC-8955-568972CDEB11}.Release|Any CPU.Build.0 = Release|Any CPU
	EndGlobalSection
	GlobalSection(SolutionProperties) = preSolution
		HideSolutionNode = FALSE
	EndGlobalSection
	GlobalSection(ExtensibilityGlobals) = postSolution
		SolutionGuid = {EE3FD5FE-78A9-4758-B03F-91EFA322D02C}
	EndGlobalSection
EndGlobal
